
Microsoft Visual Studio Solution File, Format Version 12.00
Project("{FAE04EC0-301F-11D3-BF4B-00C04F79EFBC}") = "Day1", "Day1\Day1.csproj", "{F9B98B71-C062-4CB9-94C3-663FAD927212}"
EndProject
Project("{FAE04EC0-301F-11D3-BF4B-00C04F79EFBC}") = "Day2", "Day2\Day2.csproj", "{B005712F-CA89-4B52-91D8-E39762BD1567}"
EndProject
Project("{FAE04EC0-301F-11D3-BF4B-00C04F79EFBC}") = "Day3", "Day3\Day3.csproj", "{F438C43F-2FA9-45F9-A5DA-2E96B987B013}"
EndProject
Global
	GlobalSection(SolutionConfigurationPlatforms) = preSolution
		Debug|Any CPU = Debug|Any CPU
		Release|Any CPU = Release|Any CPU
	EndGlobalSection
	GlobalSection(ProjectConfigurationPlatforms) = postSolution
		{F9B98B71-C062-4CB9-94C3-663FAD927212}.Debug|Any CPU.ActiveCfg = Debug|Any CPU
		{F9B98B71-C062-4CB9-94C3-663FAD927212}.Debug|Any CPU.Build.0 = Debug|Any CPU
		{F9B98B71-C062-4CB9-94C3-663FAD927212}.Release|Any CPU.ActiveCfg = Release|Any CPU
		{F9B98B71-C062-4CB9-94C3-663FAD927212}.Release|Any CPU.Build.0 = Release|Any CPU
		{B005712F-CA89-4B52-91D8-E39762BD1567}.Debug|Any CPU.ActiveCfg = Debug|Any CPU
		{B005712F-CA89-4B52-91D8-E39762BD1567}.Debug|Any CPU.Build.0 = Debug|Any CPU
		{B005712F-CA89-4B52-91D8-E39762BD1567}.Release|Any CPU.ActiveCfg = Release|Any CPU
		{B005712F-CA89-4B52-91D8-E39762BD1567}.Release|Any CPU.Build.0 = Release|Any CPU
		{F438C43F-2FA9-45F9-A5DA-2E96B987B013}.Debug|Any CPU.ActiveCfg = Debug|Any CPU
		{F438C43F-2FA9-45F9-A5DA-2E96B987B013}.Debug|Any CPU.Build.0 = Debug|Any CPU
		{F438C43F-2FA9-45F9-A5DA-2E96B987B013}.Release|Any CPU.ActiveCfg = Release|Any CPU
		{F438C43F-2FA9-45F9-A5DA-2E96B987B013}.Release|Any CPU.Build.0 = Release|Any CPU
	EndGlobalSection
EndGlobal
