
Microsoft Visual Studio Solution File, Format Version 12.00
Project("{FAE04EC0-301F-11D3-BF4B-00C04F79EFBC}") = "Day1", "Day1\Day1.csproj", "{F9B98B71-C062-4CB9-94C3-663FAD927212}"
EndProject
Project("{FAE04EC0-301F-11D3-BF4B-00C04F79EFBC}") = "Day2", "Day2\Day2.csproj", "{B005712F-CA89-4B52-91D8-E39762BD1567}"
EndProject
Project("{FAE04EC0-301F-11D3-BF4B-00C04F79EFBC}") = "Day3", "Day3\Day3.csproj", "{F438C43F-2FA9-45F9-A5DA-2E96B987B013}"
EndProject
Project("{FAE04EC0-301F-11D3-BF4B-00C04F79EFBC}") = "Day4", "Day4\Day4.csproj", "{0EF34A82-7DBB-4EA1-B73E-2F02486A0CC8}"
EndProject
Project("{FAE04EC0-301F-11D3-BF4B-00C04F79EFBC}") = "Day5", "Day5\Day5.csproj", "{3F791B24-DB46-4607-9324-867A576466C2}"
EndProject
Project("{FAE04EC0-301F-11D3-BF4B-00C04F79EFBC}") = "Day6", "Day6\Day6.csproj", "{689EFD85-9C57-48E0-8E56-453FAFD03D20}"
EndProject
Project("{FAE04EC0-301F-11D3-BF4B-00C04F79EFBC}") = "Day7", "Day7\Day7.csproj", "{0C18FFEF-4CC9-4FFD-B58C-D587E66BD9A4}"
EndProject
Project("{FAE04EC0-301F-11D3-BF4B-00C04F79EFBC}") = "Day8", "Day8\Day8.csproj", "{A3EC737A-51EB-4DA5-A396-6ACEBF357289}"
EndProject
Project("{FAE04EC0-301F-11D3-BF4B-00C04F79EFBC}") = "Day9", "Day9\Day9.csproj", "{9F9A9F8F-36B5-44C9-A4CA-56FFA0ED8736}"
EndProject
Project("{FAE04EC0-301F-11D3-BF4B-00C04F79EFBC}") = "Day10", "Day10\Day10.csproj", "{5A8ED533-C642-459D-9A4A-A4B667616135}"
EndProject
Project("{FAE04EC0-301F-11D3-BF4B-00C04F79EFBC}") = "Day11", "Day11\Day11.csproj", "{1809A970-5C03-452C-988D-53977ECEAAA1}"
EndProject
Project("{FAE04EC0-301F-11D3-BF4B-00C04F79EFBC}") = "Day12", "Day12\Day12.csproj", "{D21AFBAB-8237-4A7F-9127-8DCCA7E363A1}"
EndProject
Project("{FAE04EC0-301F-11D3-BF4B-00C04F79EFBC}") = "Day13", "Day13\Day13.csproj", "{2992C764-BB44-4842-96A3-03CF48CD6CEE}"
EndProject
Project("{FAE04EC0-301F-11D3-BF4B-00C04F79EFBC}") = "Day14", "Day14\Day14.csproj", "{852F3D27-90B2-46FC-8F2A-51560C69EA67}"
EndProject
Project("{FAE04EC0-301F-11D3-BF4B-00C04F79EFBC}") = "Day15", "Day15\Day15.csproj", "{9CC36B4B-3EFC-44AA-857C-626FDE68880E}"
EndProject
Project("{FAE04EC0-301F-11D3-BF4B-00C04F79EFBC}") = "Day16", "Day16\Day16.csproj", "{358701D3-5683-4708-B3BB-6574E5ACA074}"
EndProject
Project("{FAE04EC0-301F-11D3-BF4B-00C04F79EFBC}") = "Day20", "Day20\Day20.csproj", "{E4D365C4-13C9-451A-A3E3-237A3A553D93}"
EndProject
Global
	GlobalSection(SolutionConfigurationPlatforms) = preSolution
		Debug|Any CPU = Debug|Any CPU
		Release|Any CPU = Release|Any CPU
	EndGlobalSection
	GlobalSection(ProjectConfigurationPlatforms) = postSolution
		{F9B98B71-C062-4CB9-94C3-663FAD927212}.Debug|Any CPU.ActiveCfg = Debug|Any CPU
		{F9B98B71-C062-4CB9-94C3-663FAD927212}.Debug|Any CPU.Build.0 = Debug|Any CPU
		{F9B98B71-C062-4CB9-94C3-663FAD927212}.Release|Any CPU.ActiveCfg = Release|Any CPU
		{F9B98B71-C062-4CB9-94C3-663FAD927212}.Release|Any CPU.Build.0 = Release|Any CPU
		{B005712F-CA89-4B52-91D8-E39762BD1567}.Debug|Any CPU.ActiveCfg = Debug|Any CPU
		{B005712F-CA89-4B52-91D8-E39762BD1567}.Debug|Any CPU.Build.0 = Debug|Any CPU
		{B005712F-CA89-4B52-91D8-E39762BD1567}.Release|Any CPU.ActiveCfg = Release|Any CPU
		{B005712F-CA89-4B52-91D8-E39762BD1567}.Release|Any CPU.Build.0 = Release|Any CPU
		{F438C43F-2FA9-45F9-A5DA-2E96B987B013}.Debug|Any CPU.ActiveCfg = Debug|Any CPU
		{F438C43F-2FA9-45F9-A5DA-2E96B987B013}.Debug|Any CPU.Build.0 = Debug|Any CPU
		{F438C43F-2FA9-45F9-A5DA-2E96B987B013}.Release|Any CPU.ActiveCfg = Release|Any CPU
		{F438C43F-2FA9-45F9-A5DA-2E96B987B013}.Release|Any CPU.Build.0 = Release|Any CPU
		{0EF34A82-7DBB-4EA1-B73E-2F02486A0CC8}.Debug|Any CPU.ActiveCfg = Debug|Any CPU
		{0EF34A82-7DBB-4EA1-B73E-2F02486A0CC8}.Debug|Any CPU.Build.0 = Debug|Any CPU
		{0EF34A82-7DBB-4EA1-B73E-2F02486A0CC8}.Release|Any CPU.ActiveCfg = Release|Any CPU
		{0EF34A82-7DBB-4EA1-B73E-2F02486A0CC8}.Release|Any CPU.Build.0 = Release|Any CPU
		{3F791B24-DB46-4607-9324-867A576466C2}.Debug|Any CPU.ActiveCfg = Debug|Any CPU
		{3F791B24-DB46-4607-9324-867A576466C2}.Debug|Any CPU.Build.0 = Debug|Any CPU
		{3F791B24-DB46-4607-9324-867A576466C2}.Release|Any CPU.ActiveCfg = Release|Any CPU
		{3F791B24-DB46-4607-9324-867A576466C2}.Release|Any CPU.Build.0 = Release|Any CPU
		{689EFD85-9C57-48E0-8E56-453FAFD03D20}.Debug|Any CPU.ActiveCfg = Debug|Any CPU
		{689EFD85-9C57-48E0-8E56-453FAFD03D20}.Debug|Any CPU.Build.0 = Debug|Any CPU
		{689EFD85-9C57-48E0-8E56-453FAFD03D20}.Release|Any CPU.ActiveCfg = Release|Any CPU
		{689EFD85-9C57-48E0-8E56-453FAFD03D20}.Release|Any CPU.Build.0 = Release|Any CPU
		{0C18FFEF-4CC9-4FFD-B58C-D587E66BD9A4}.Debug|Any CPU.ActiveCfg = Debug|Any CPU
		{0C18FFEF-4CC9-4FFD-B58C-D587E66BD9A4}.Debug|Any CPU.Build.0 = Debug|Any CPU
		{0C18FFEF-4CC9-4FFD-B58C-D587E66BD9A4}.Release|Any CPU.ActiveCfg = Release|Any CPU
		{0C18FFEF-4CC9-4FFD-B58C-D587E66BD9A4}.Release|Any CPU.Build.0 = Release|Any CPU
		{A3EC737A-51EB-4DA5-A396-6ACEBF357289}.Debug|Any CPU.ActiveCfg = Debug|Any CPU
		{A3EC737A-51EB-4DA5-A396-6ACEBF357289}.Debug|Any CPU.Build.0 = Debug|Any CPU
		{A3EC737A-51EB-4DA5-A396-6ACEBF357289}.Release|Any CPU.ActiveCfg = Release|Any CPU
		{A3EC737A-51EB-4DA5-A396-6ACEBF357289}.Release|Any CPU.Build.0 = Release|Any CPU
		{9F9A9F8F-36B5-44C9-A4CA-56FFA0ED8736}.Debug|Any CPU.ActiveCfg = Debug|Any CPU
		{9F9A9F8F-36B5-44C9-A4CA-56FFA0ED8736}.Debug|Any CPU.Build.0 = Debug|Any CPU
		{9F9A9F8F-36B5-44C9-A4CA-56FFA0ED8736}.Release|Any CPU.ActiveCfg = Release|Any CPU
		{9F9A9F8F-36B5-44C9-A4CA-56FFA0ED8736}.Release|Any CPU.Build.0 = Release|Any CPU
		{5A8ED533-C642-459D-9A4A-A4B667616135}.Debug|Any CPU.ActiveCfg = Debug|Any CPU
		{5A8ED533-C642-459D-9A4A-A4B667616135}.Debug|Any CPU.Build.0 = Debug|Any CPU
		{5A8ED533-C642-459D-9A4A-A4B667616135}.Release|Any CPU.ActiveCfg = Release|Any CPU
		{5A8ED533-C642-459D-9A4A-A4B667616135}.Release|Any CPU.Build.0 = Release|Any CPU
		{1809A970-5C03-452C-988D-53977ECEAAA1}.Debug|Any CPU.ActiveCfg = Debug|Any CPU
		{1809A970-5C03-452C-988D-53977ECEAAA1}.Debug|Any CPU.Build.0 = Debug|Any CPU
		{1809A970-5C03-452C-988D-53977ECEAAA1}.Release|Any CPU.ActiveCfg = Release|Any CPU
		{1809A970-5C03-452C-988D-53977ECEAAA1}.Release|Any CPU.Build.0 = Release|Any CPU
		{D21AFBAB-8237-4A7F-9127-8DCCA7E363A1}.Debug|Any CPU.ActiveCfg = Debug|Any CPU
		{D21AFBAB-8237-4A7F-9127-8DCCA7E363A1}.Debug|Any CPU.Build.0 = Debug|Any CPU
		{D21AFBAB-8237-4A7F-9127-8DCCA7E363A1}.Release|Any CPU.ActiveCfg = Release|Any CPU
		{D21AFBAB-8237-4A7F-9127-8DCCA7E363A1}.Release|Any CPU.Build.0 = Release|Any CPU
		{2992C764-BB44-4842-96A3-03CF48CD6CEE}.Debug|Any CPU.ActiveCfg = Debug|Any CPU
		{2992C764-BB44-4842-96A3-03CF48CD6CEE}.Debug|Any CPU.Build.0 = Debug|Any CPU
		{2992C764-BB44-4842-96A3-03CF48CD6CEE}.Release|Any CPU.ActiveCfg = Release|Any CPU
		{2992C764-BB44-4842-96A3-03CF48CD6CEE}.Release|Any CPU.Build.0 = Release|Any CPU
		{852F3D27-90B2-46FC-8F2A-51560C69EA67}.Debug|Any CPU.ActiveCfg = Debug|Any CPU
		{852F3D27-90B2-46FC-8F2A-51560C69EA67}.Debug|Any CPU.Build.0 = Debug|Any CPU
		{852F3D27-90B2-46FC-8F2A-51560C69EA67}.Release|Any CPU.ActiveCfg = Release|Any CPU
		{852F3D27-90B2-46FC-8F2A-51560C69EA67}.Release|Any CPU.Build.0 = Release|Any CPU
		{9CC36B4B-3EFC-44AA-857C-626FDE68880E}.Debug|Any CPU.ActiveCfg = Debug|Any CPU
		{9CC36B4B-3EFC-44AA-857C-626FDE68880E}.Debug|Any CPU.Build.0 = Debug|Any CPU
		{9CC36B4B-3EFC-44AA-857C-626FDE68880E}.Release|Any CPU.ActiveCfg = Release|Any CPU
		{9CC36B4B-3EFC-44AA-857C-626FDE68880E}.Release|Any CPU.Build.0 = Release|Any CPU
		{358701D3-5683-4708-B3BB-6574E5ACA074}.Debug|Any CPU.ActiveCfg = Debug|Any CPU
		{358701D3-5683-4708-B3BB-6574E5ACA074}.Debug|Any CPU.Build.0 = Debug|Any CPU
		{358701D3-5683-4708-B3BB-6574E5ACA074}.Release|Any CPU.ActiveCfg = Release|Any CPU
		{358701D3-5683-4708-B3BB-6574E5ACA074}.Release|Any CPU.Build.0 = Release|Any CPU
		{E4D365C4-13C9-451A-A3E3-237A3A553D93}.Debug|Any CPU.ActiveCfg = Debug|Any CPU
		{E4D365C4-13C9-451A-A3E3-237A3A553D93}.Debug|Any CPU.Build.0 = Debug|Any CPU
		{E4D365C4-13C9-451A-A3E3-237A3A553D93}.Release|Any CPU.ActiveCfg = Release|Any CPU
		{E4D365C4-13C9-451A-A3E3-237A3A553D93}.Release|Any CPU.Build.0 = Release|Any CPU
	EndGlobalSection
EndGlobal
